
Microsoft Visual Studio Solution File, Format Version 12.00
# Visual Studio Version 17
VisualStudioVersion = 17.12.35707.178
MinimumVisualStudioVersion = 10.0.40219.1
Project("{FAE04EC0-301F-11D3-BF4B-00C04F79EFBC}") = "NZWalks.API", "NZWalks.API\NZWalks.API.csproj", "{7AC4B370-1DD0-4099-A97D-689A9CAE31EF}"
EndProject
Project("{FAE04EC0-301F-11D3-BF4B-00C04F79EFBC}") = "NZWalks.Web", "NZWalks.Web\NZWalks.Web.csproj", "{4274B944-C0C4-48C0-B203-C2677A9C2190}"
EndProject
Global
	GlobalSection(SolutionConfigurationPlatforms) = preSolution
		Debug|Any CPU = Debug|Any CPU
		Release|Any CPU = Release|Any CPU
	EndGlobalSection
	GlobalSection(ProjectConfigurationPlatforms) = postSolution
		{7AC4B370-1DD0-4099-A97D-689A9CAE31EF}.Debug|Any CPU.ActiveCfg = Debug|Any CPU
		{7AC4B370-1DD0-4099-A97D-689A9CAE31EF}.Debug|Any CPU.Build.0 = Debug|Any CPU
		{7AC4B370-1DD0-4099-A97D-689A9CAE31EF}.Release|Any CPU.ActiveCfg = Release|Any CPU
		{7AC4B370-1DD0-4099-A97D-689A9CAE31EF}.Release|Any CPU.Build.0 = Release|Any CPU
		{4274B944-C0C4-48C0-B203-C2677A9C2190}.Debug|Any CPU.ActiveCfg = Debug|Any CPU
		{4274B944-C0C4-48C0-B203-C2677A9C2190}.Debug|Any CPU.Build.0 = Debug|Any CPU
		{4274B944-C0C4-48C0-B203-C2677A9C2190}.Release|Any CPU.ActiveCfg = Release|Any CPU
		{4274B944-C0C4-48C0-B203-C2677A9C2190}.Release|Any CPU.Build.0 = Release|Any CPU
	EndGlobalSection
	GlobalSection(SolutionProperties) = preSolution
		HideSolutionNode = FALSE
	EndGlobalSection
EndGlobal
